
Microsoft Visual Studio Solution File, Format Version 12.00
# Visual Studio Version 16
VisualStudioVersion = 16.0.29318.209
MinimumVisualStudioVersion = 10.0.40219.1
Project("{2150E333-8FDC-42A3-9474-1A3956D46DE8}") = "Data", "Data", "{49104E69-464B-4C64-8E75-7CD76B384177}"
EndProject
Project("{2150E333-8FDC-42A3-9474-1A3956D46DE8}") = "API", "API", "{4371C00E-C319-4B12-ADC0-9CCEBEB236FB}"
EndProject
Project("{2150E333-8FDC-42A3-9474-1A3956D46DE8}") = "Business", "Business", "{DAA85CA0-91C6-4B8F-BEA9-A25FABA54BCD}"
EndProject
Project("{2150E333-8FDC-42A3-9474-1A3956D46DE8}") = "Modules", "Modules", "{8FAB94E1-CEFC-450D-AFC3-6A7EF9116485}"
EndProject
Project("{2150E333-8FDC-42A3-9474-1A3956D46DE8}") = "ScrapingData", "ScrapingData", "{1BF0C83B-01D6-49BC-9C03-5814B26F0016}"
EndProject
Project("{2150E333-8FDC-42A3-9474-1A3956D46DE8}") = "Contract", "Contract", "{B49425BA-7EBA-43A9-9FAC-DE761C7665EB}"
EndProject
Project("{2150E333-8FDC-42A3-9474-1A3956D46DE8}") = "Models", "Models", "{ADED932E-667D-4C77-A44A-890AA9A11E07}"
EndProject
Project("{9A19103F-16F7-4668-BE54-9A1E7A4F7556}") = "NTT.Data", "Data\NTT.Data\NTT.Data.csproj", "{F2C5C2B0-68A2-42B3-A078-D12E585E798B}"
EndProject
Project("{9A19103F-16F7-4668-BE54-9A1E7A4F7556}") = "NTT.Data.EntityModel", "Data\NTT.Data.EntityModel\NTT.Data.EntityModel.csproj", "{D5C8B9F3-77A6-446F-98CE-8E347E6820DC}"
EndProject
Project("{9A19103F-16F7-4668-BE54-9A1E7A4F7556}") = "NTT.Data.NTTDBContext", "Data\NTT.Data.NTTDBContext\NTT.Data.NTTDBContext.csproj", "{8C00D3BC-12EF-41A2-ACA4-CC6BBF328C4D}"
EndProject
Project("{9A19103F-16F7-4668-BE54-9A1E7A4F7556}") = "NTT.Model.ScrapingData", "Modules\ScrapingData\Models\NTT.Model.ScrapingData\NTT.Model.ScrapingData.csproj", "{664DA076-79E6-4927-9F55-6426DD8D86F3}"
EndProject
Project("{9A19103F-16F7-4668-BE54-9A1E7A4F7556}") = "NTT.Contract.ScrapingData", "Modules\ScrapingData\NTT.Business.Contracts\NTT.Contract.ScrapingData.csproj", "{0CBCD770-F12B-4242-8C48-F62EAD7480CB}"
EndProject
Project("{9A19103F-16F7-4668-BE54-9A1E7A4F7556}") = "NTT.Business.ScrapingData", "Modules\ScrapingData\NTT.Business.ScrapingData\NTT.Business.ScrapingData.csproj", "{DBDC89C1-D3C7-409E-AF3D-8779F7D7B058}"
EndProject
Project("{9A19103F-16F7-4668-BE54-9A1E7A4F7556}") = "NTT.API.StorageData", "API\NTT.API.StorageData\NTT.API.StorageData.csproj", "{D546E44C-6C97-48FD-8A66-BACA23F857FB}"
EndProject
Project("{2150E333-8FDC-42A3-9474-1A3956D46DE8}") = "Common", "Common", "{F69314AE-2544-4772-B954-89C35A5F75F6}"
EndProject
Global
	GlobalSection(SolutionConfigurationPlatforms) = preSolution
		Debug|Any CPU = Debug|Any CPU
		Release|Any CPU = Release|Any CPU
	EndGlobalSection
	GlobalSection(ProjectConfigurationPlatforms) = postSolution
		{F2C5C2B0-68A2-42B3-A078-D12E585E798B}.Debug|Any CPU.ActiveCfg = Debug|Any CPU
		{F2C5C2B0-68A2-42B3-A078-D12E585E798B}.Debug|Any CPU.Build.0 = Debug|Any CPU
		{F2C5C2B0-68A2-42B3-A078-D12E585E798B}.Release|Any CPU.ActiveCfg = Release|Any CPU
		{F2C5C2B0-68A2-42B3-A078-D12E585E798B}.Release|Any CPU.Build.0 = Release|Any CPU
		{D5C8B9F3-77A6-446F-98CE-8E347E6820DC}.Debug|Any CPU.ActiveCfg = Debug|Any CPU
		{D5C8B9F3-77A6-446F-98CE-8E347E6820DC}.Debug|Any CPU.Build.0 = Debug|Any CPU
		{D5C8B9F3-77A6-446F-98CE-8E347E6820DC}.Release|Any CPU.ActiveCfg = Release|Any CPU
		{D5C8B9F3-77A6-446F-98CE-8E347E6820DC}.Release|Any CPU.Build.0 = Release|Any CPU
		{8C00D3BC-12EF-41A2-ACA4-CC6BBF328C4D}.Debug|Any CPU.ActiveCfg = Debug|Any CPU
		{8C00D3BC-12EF-41A2-ACA4-CC6BBF328C4D}.Debug|Any CPU.Build.0 = Debug|Any CPU
		{8C00D3BC-12EF-41A2-ACA4-CC6BBF328C4D}.Release|Any CPU.ActiveCfg = Release|Any CPU
		{8C00D3BC-12EF-41A2-ACA4-CC6BBF328C4D}.Release|Any CPU.Build.0 = Release|Any CPU
		{664DA076-79E6-4927-9F55-6426DD8D86F3}.Debug|Any CPU.ActiveCfg = Debug|Any CPU
		{664DA076-79E6-4927-9F55-6426DD8D86F3}.Debug|Any CPU.Build.0 = Debug|Any CPU
		{664DA076-79E6-4927-9F55-6426DD8D86F3}.Release|Any CPU.ActiveCfg = Release|Any CPU
		{664DA076-79E6-4927-9F55-6426DD8D86F3}.Release|Any CPU.Build.0 = Release|Any CPU
		{0CBCD770-F12B-4242-8C48-F62EAD7480CB}.Debug|Any CPU.ActiveCfg = Debug|Any CPU
		{0CBCD770-F12B-4242-8C48-F62EAD7480CB}.Debug|Any CPU.Build.0 = Debug|Any CPU
		{0CBCD770-F12B-4242-8C48-F62EAD7480CB}.Release|Any CPU.ActiveCfg = Release|Any CPU
		{0CBCD770-F12B-4242-8C48-F62EAD7480CB}.Release|Any CPU.Build.0 = Release|Any CPU
		{DBDC89C1-D3C7-409E-AF3D-8779F7D7B058}.Debug|Any CPU.ActiveCfg = Debug|Any CPU
		{DBDC89C1-D3C7-409E-AF3D-8779F7D7B058}.Debug|Any CPU.Build.0 = Debug|Any CPU
		{DBDC89C1-D3C7-409E-AF3D-8779F7D7B058}.Release|Any CPU.ActiveCfg = Release|Any CPU
		{DBDC89C1-D3C7-409E-AF3D-8779F7D7B058}.Release|Any CPU.Build.0 = Release|Any CPU
		{D546E44C-6C97-48FD-8A66-BACA23F857FB}.Debug|Any CPU.ActiveCfg = Debug|Any CPU
		{D546E44C-6C97-48FD-8A66-BACA23F857FB}.Debug|Any CPU.Build.0 = Debug|Any CPU
		{D546E44C-6C97-48FD-8A66-BACA23F857FB}.Release|Any CPU.ActiveCfg = Release|Any CPU
		{D546E44C-6C97-48FD-8A66-BACA23F857FB}.Release|Any CPU.Build.0 = Release|Any CPU
	EndGlobalSection
	GlobalSection(SolutionProperties) = preSolution
		HideSolutionNode = FALSE
	EndGlobalSection
	GlobalSection(NestedProjects) = preSolution
		{DAA85CA0-91C6-4B8F-BEA9-A25FABA54BCD} = {1BF0C83B-01D6-49BC-9C03-5814B26F0016}
		{1BF0C83B-01D6-49BC-9C03-5814B26F0016} = {8FAB94E1-CEFC-450D-AFC3-6A7EF9116485}
		{B49425BA-7EBA-43A9-9FAC-DE761C7665EB} = {1BF0C83B-01D6-49BC-9C03-5814B26F0016}
		{ADED932E-667D-4C77-A44A-890AA9A11E07} = {1BF0C83B-01D6-49BC-9C03-5814B26F0016}
		{F2C5C2B0-68A2-42B3-A078-D12E585E798B} = {49104E69-464B-4C64-8E75-7CD76B384177}
		{D5C8B9F3-77A6-446F-98CE-8E347E6820DC} = {49104E69-464B-4C64-8E75-7CD76B384177}
		{8C00D3BC-12EF-41A2-ACA4-CC6BBF328C4D} = {49104E69-464B-4C64-8E75-7CD76B384177}
		{664DA076-79E6-4927-9F55-6426DD8D86F3} = {ADED932E-667D-4C77-A44A-890AA9A11E07}
		{0CBCD770-F12B-4242-8C48-F62EAD7480CB} = {B49425BA-7EBA-43A9-9FAC-DE761C7665EB}
		{DBDC89C1-D3C7-409E-AF3D-8779F7D7B058} = {DAA85CA0-91C6-4B8F-BEA9-A25FABA54BCD}
		{D546E44C-6C97-48FD-8A66-BACA23F857FB} = {4371C00E-C319-4B12-ADC0-9CCEBEB236FB}
	EndGlobalSection
	GlobalSection(ExtensibilityGlobals) = postSolution
		SolutionGuid = {38E1493B-54FB-4515-A15A-238D616EC042}
	EndGlobalSection
EndGlobal
