
Microsoft Visual Studio Solution File, Format Version 12.00
# Visual Studio Version 16
VisualStudioVersion = 16.0.29318.209
MinimumVisualStudioVersion = 10.0.40219.1
Project("{2150E333-8FDC-42A3-9474-1A3956D46DE8}") = "Worker", "Worker", "{F9C5F0C5-4253-40D5-B507-9B2A39500B2B}"
EndProject
Project("{2150E333-8FDC-42A3-9474-1A3956D46DE8}") = "Data", "Data", "{F028844B-ED1B-4525-BD5E-E996B94612B7}"
EndProject
Project("{2150E333-8FDC-42A3-9474-1A3956D46DE8}") = "Modules", "Modules", "{A4D623B0-025E-4A9B-BD75-919A7EC49C33}"
EndProject
Project("{2150E333-8FDC-42A3-9474-1A3956D46DE8}") = "ScrapingData", "ScrapingData", "{E9A6750C-AADC-4505-B630-6B96EF8BDC43}"
EndProject
Project("{2150E333-8FDC-42A3-9474-1A3956D46DE8}") = "Libs", "Libs", "{E666C488-694F-416C-A4DF-F14481589C10}"
EndProject
Project("{9A19103F-16F7-4668-BE54-9A1E7A4F7556}") = "NTT.Data", "Data\NTT.Data\NTT.Data.csproj", "{68589250-1811-4FA4-BADA-B5CAC5CAAABC}"
EndProject
Project("{9A19103F-16F7-4668-BE54-9A1E7A4F7556}") = "NTT.Data.EntityModel", "Data\NTT.Data.EntityModel\NTT.Data.EntityModel.csproj", "{063F2E9C-A73C-46E3-A585-A6ADCE21B876}"
EndProject
Project("{9A19103F-16F7-4668-BE54-9A1E7A4F7556}") = "NTT.Data.NTTDBContext", "Data\NTT.Data.NTTDBContext\NTT.Data.NTTDBContext.csproj", "{409D30E7-5D4C-4A47-86B4-AD3854B612D4}"
EndProject
Project("{2150E333-8FDC-42A3-9474-1A3956D46DE8}") = "Business", "Business", "{9D45E68E-6452-417C-8603-3AB75D93FFC6}"
EndProject
Project("{2150E333-8FDC-42A3-9474-1A3956D46DE8}") = "Contract", "Contract", "{19A6E530-1F02-405F-B775-D12EC2863EEC}"
EndProject
Project("{2150E333-8FDC-42A3-9474-1A3956D46DE8}") = "Models", "Models", "{5C7EBF7D-0AA4-4C34-A6EC-43656B3BB097}"
EndProject
Project("{9A19103F-16F7-4668-BE54-9A1E7A4F7556}") = "NTT.Model.ScrapingData", "Modules\ScrapingData\Models\NTT.Model.ScrapingData\NTT.Model.ScrapingData.csproj", "{EAC2DF2F-67A7-42F9-BF48-8AE640D78312}"
EndProject
Project("{9A19103F-16F7-4668-BE54-9A1E7A4F7556}") = "NTT.Contract.ScrapingData", "Modules\ScrapingData\NTT.Business.Contracts\NTT.Contract.ScrapingData.csproj", "{D49BB51E-395B-4C8A-8ED5-13F0850BA3C8}"
EndProject
Project("{9A19103F-16F7-4668-BE54-9A1E7A4F7556}") = "NTT.Business.ScrapingData", "Modules\ScrapingData\NTT.Business.ScrapingData\NTT.Business.ScrapingData.csproj", "{76E8309A-4169-43C6-905C-9DF6EA67BAD0}"
EndProject
Project("{9A19103F-16F7-4668-BE54-9A1E7A4F7556}") = "RealEstateWorker", "Worker\RealEstateWorker\RealEstateWorker.csproj", "{B139298C-D20F-48BC-A00D-F1228D1A1319}"
EndProject
Project("{2150E333-8FDC-42A3-9474-1A3956D46DE8}") = "Common", "Common", "{E03B1779-DB15-4E0D-94E2-2A7FA9DEA7DA}"
EndProject
Project("{9A19103F-16F7-4668-BE54-9A1E7A4F7556}") = "NTT.ScrapingLib", "Libraries\NTT.ScrapingLib.csproj", "{DD11B4AA-EF9D-4B7D-99BB-3581AF02DE5F}"
EndProject
Global
	GlobalSection(SolutionConfigurationPlatforms) = preSolution
		Debug|Any CPU = Debug|Any CPU
		Release|Any CPU = Release|Any CPU
	EndGlobalSection
	GlobalSection(ProjectConfigurationPlatforms) = postSolution
		{68589250-1811-4FA4-BADA-B5CAC5CAAABC}.Debug|Any CPU.ActiveCfg = Debug|Any CPU
		{68589250-1811-4FA4-BADA-B5CAC5CAAABC}.Debug|Any CPU.Build.0 = Debug|Any CPU
		{68589250-1811-4FA4-BADA-B5CAC5CAAABC}.Release|Any CPU.ActiveCfg = Release|Any CPU
		{68589250-1811-4FA4-BADA-B5CAC5CAAABC}.Release|Any CPU.Build.0 = Release|Any CPU
		{063F2E9C-A73C-46E3-A585-A6ADCE21B876}.Debug|Any CPU.ActiveCfg = Debug|Any CPU
		{063F2E9C-A73C-46E3-A585-A6ADCE21B876}.Debug|Any CPU.Build.0 = Debug|Any CPU
		{063F2E9C-A73C-46E3-A585-A6ADCE21B876}.Release|Any CPU.ActiveCfg = Release|Any CPU
		{063F2E9C-A73C-46E3-A585-A6ADCE21B876}.Release|Any CPU.Build.0 = Release|Any CPU
		{409D30E7-5D4C-4A47-86B4-AD3854B612D4}.Debug|Any CPU.ActiveCfg = Debug|Any CPU
		{409D30E7-5D4C-4A47-86B4-AD3854B612D4}.Debug|Any CPU.Build.0 = Debug|Any CPU
		{409D30E7-5D4C-4A47-86B4-AD3854B612D4}.Release|Any CPU.ActiveCfg = Release|Any CPU
		{409D30E7-5D4C-4A47-86B4-AD3854B612D4}.Release|Any CPU.Build.0 = Release|Any CPU
		{EAC2DF2F-67A7-42F9-BF48-8AE640D78312}.Debug|Any CPU.ActiveCfg = Debug|Any CPU
		{EAC2DF2F-67A7-42F9-BF48-8AE640D78312}.Debug|Any CPU.Build.0 = Debug|Any CPU
		{EAC2DF2F-67A7-42F9-BF48-8AE640D78312}.Release|Any CPU.ActiveCfg = Release|Any CPU
		{EAC2DF2F-67A7-42F9-BF48-8AE640D78312}.Release|Any CPU.Build.0 = Release|Any CPU
		{D49BB51E-395B-4C8A-8ED5-13F0850BA3C8}.Debug|Any CPU.ActiveCfg = Debug|Any CPU
		{D49BB51E-395B-4C8A-8ED5-13F0850BA3C8}.Debug|Any CPU.Build.0 = Debug|Any CPU
		{D49BB51E-395B-4C8A-8ED5-13F0850BA3C8}.Release|Any CPU.ActiveCfg = Release|Any CPU
		{D49BB51E-395B-4C8A-8ED5-13F0850BA3C8}.Release|Any CPU.Build.0 = Release|Any CPU
		{76E8309A-4169-43C6-905C-9DF6EA67BAD0}.Debug|Any CPU.ActiveCfg = Debug|Any CPU
		{76E8309A-4169-43C6-905C-9DF6EA67BAD0}.Debug|Any CPU.Build.0 = Debug|Any CPU
		{76E8309A-4169-43C6-905C-9DF6EA67BAD0}.Release|Any CPU.ActiveCfg = Release|Any CPU
		{76E8309A-4169-43C6-905C-9DF6EA67BAD0}.Release|Any CPU.Build.0 = Release|Any CPU
		{B139298C-D20F-48BC-A00D-F1228D1A1319}.Debug|Any CPU.ActiveCfg = Debug|Any CPU
		{B139298C-D20F-48BC-A00D-F1228D1A1319}.Debug|Any CPU.Build.0 = Debug|Any CPU
		{B139298C-D20F-48BC-A00D-F1228D1A1319}.Release|Any CPU.ActiveCfg = Release|Any CPU
		{B139298C-D20F-48BC-A00D-F1228D1A1319}.Release|Any CPU.Build.0 = Release|Any CPU
		{DD11B4AA-EF9D-4B7D-99BB-3581AF02DE5F}.Debug|Any CPU.ActiveCfg = Debug|Any CPU
		{DD11B4AA-EF9D-4B7D-99BB-3581AF02DE5F}.Debug|Any CPU.Build.0 = Debug|Any CPU
		{DD11B4AA-EF9D-4B7D-99BB-3581AF02DE5F}.Release|Any CPU.ActiveCfg = Release|Any CPU
		{DD11B4AA-EF9D-4B7D-99BB-3581AF02DE5F}.Release|Any CPU.Build.0 = Release|Any CPU
	EndGlobalSection
	GlobalSection(SolutionProperties) = preSolution
		HideSolutionNode = FALSE
	EndGlobalSection
	GlobalSection(NestedProjects) = preSolution
		{E9A6750C-AADC-4505-B630-6B96EF8BDC43} = {A4D623B0-025E-4A9B-BD75-919A7EC49C33}
		{68589250-1811-4FA4-BADA-B5CAC5CAAABC} = {F028844B-ED1B-4525-BD5E-E996B94612B7}
		{063F2E9C-A73C-46E3-A585-A6ADCE21B876} = {F028844B-ED1B-4525-BD5E-E996B94612B7}
		{409D30E7-5D4C-4A47-86B4-AD3854B612D4} = {F028844B-ED1B-4525-BD5E-E996B94612B7}
		{9D45E68E-6452-417C-8603-3AB75D93FFC6} = {E9A6750C-AADC-4505-B630-6B96EF8BDC43}
		{19A6E530-1F02-405F-B775-D12EC2863EEC} = {E9A6750C-AADC-4505-B630-6B96EF8BDC43}
		{5C7EBF7D-0AA4-4C34-A6EC-43656B3BB097} = {E9A6750C-AADC-4505-B630-6B96EF8BDC43}
		{EAC2DF2F-67A7-42F9-BF48-8AE640D78312} = {5C7EBF7D-0AA4-4C34-A6EC-43656B3BB097}
		{D49BB51E-395B-4C8A-8ED5-13F0850BA3C8} = {19A6E530-1F02-405F-B775-D12EC2863EEC}
		{76E8309A-4169-43C6-905C-9DF6EA67BAD0} = {9D45E68E-6452-417C-8603-3AB75D93FFC6}
		{B139298C-D20F-48BC-A00D-F1228D1A1319} = {F9C5F0C5-4253-40D5-B507-9B2A39500B2B}
		{DD11B4AA-EF9D-4B7D-99BB-3581AF02DE5F} = {E666C488-694F-416C-A4DF-F14481589C10}
	EndGlobalSection
	GlobalSection(ExtensibilityGlobals) = postSolution
		SolutionGuid = {DF4890D3-F265-463B-B76F-F8BD2FAFF2D4}
	EndGlobalSection
EndGlobal
